
Microsoft Visual Studio Solution File, Format Version 12.00
# Visual Studio Version 16
VisualStudioVersion = 16.0.29911.84
MinimumVisualStudioVersion = 10.0.40219.1
Project("{FAE04EC0-301F-11D3-BF4B-00C04F79EFBC}") = "PairAndImagesLibrary", "PairAndImagesLibrary.csproj", "{D72EC872-B793-4B79-B35E-DD7522C18AEC}"
EndProject
Project("{FAE04EC0-301F-11D3-BF4B-00C04F79EFBC}") = "PairAndImagesGameTest", "..\PairAndImagesGameTest\PairAndImagesGameTest.csproj", "{A65F2342-AAED-478F-8111-05A7DB988BAE}"
EndProject
Global
	GlobalSection(SolutionConfigurationPlatforms) = preSolution
		Debug|Any CPU = Debug|Any CPU
		Release|Any CPU = Release|Any CPU
	EndGlobalSection
	GlobalSection(ProjectConfigurationPlatforms) = postSolution
		{D72EC872-B793-4B79-B35E-DD7522C18AEC}.Debug|Any CPU.ActiveCfg = Debug|Any CPU
		{D72EC872-B793-4B79-B35E-DD7522C18AEC}.Debug|Any CPU.Build.0 = Debug|Any CPU
		{D72EC872-B793-4B79-B35E-DD7522C18AEC}.Release|Any CPU.ActiveCfg = Release|Any CPU
		{D72EC872-B793-4B79-B35E-DD7522C18AEC}.Release|Any CPU.Build.0 = Release|Any CPU
		{A65F2342-AAED-478F-8111-05A7DB988BAE}.Debug|Any CPU.ActiveCfg = Debug|Any CPU
		{A65F2342-AAED-478F-8111-05A7DB988BAE}.Debug|Any CPU.Build.0 = Debug|Any CPU
		{A65F2342-AAED-478F-8111-05A7DB988BAE}.Release|Any CPU.ActiveCfg = Release|Any CPU
		{A65F2342-AAED-478F-8111-05A7DB988BAE}.Release|Any CPU.Build.0 = Release|Any CPU
	EndGlobalSection
	GlobalSection(SolutionProperties) = preSolution
		HideSolutionNode = FALSE
	EndGlobalSection
	GlobalSection(ExtensibilityGlobals) = postSolution
		SolutionGuid = {69AA79F8-F466-4A87-AC2B-BDE344E9150A}
	EndGlobalSection
EndGlobal
