
Microsoft Visual Studio Solution File, Format Version 12.00
# Visual Studio Version 16
VisualStudioVersion = 16.0.29920.165
MinimumVisualStudioVersion = 10.0.40219.1
Project("{FAE04EC0-301F-11D3-BF4B-00C04F79EFBC}") = "ImageClueAPI", "ImageClueAPI.csproj", "{F55656AE-F9DA-447E-9730-3420677B646F}"
EndProject
Project("{9A19103F-16F7-4668-BE54-9A1E7A4F7556}") = "PairAndImagesLibrary", "..\PairAndImagesLibrary\PairAndImagesLibrary.csproj", "{9F59C67A-4F80-43CA-B33F-4D8B19F857CF}"
EndProject
Project("{9A19103F-16F7-4668-BE54-9A1E7A4F7556}") = "PairAndImagesGameTest", "..\PairAndImagesGameTest\PairAndImagesGameTest.csproj", "{D16E8DA2-1B2A-4613-A6B1-D651C829B709}"
EndProject
Project("{FAE04EC0-301F-11D3-BF4B-00C04F79EFBC}") = "ImageClueAPITest", "..\ImageClueAPITest\ImageClueAPITest.csproj", "{F3F256B6-3A35-4BD8-8E70-3140C3CC433A}"
EndProject
Global
	GlobalSection(SolutionConfigurationPlatforms) = preSolution
		Debug|Any CPU = Debug|Any CPU
		Release|Any CPU = Release|Any CPU
	EndGlobalSection
	GlobalSection(ProjectConfigurationPlatforms) = postSolution
		{F55656AE-F9DA-447E-9730-3420677B646F}.Debug|Any CPU.ActiveCfg = Debug|Any CPU
		{F55656AE-F9DA-447E-9730-3420677B646F}.Debug|Any CPU.Build.0 = Debug|Any CPU
		{F55656AE-F9DA-447E-9730-3420677B646F}.Release|Any CPU.ActiveCfg = Release|Any CPU
		{F55656AE-F9DA-447E-9730-3420677B646F}.Release|Any CPU.Build.0 = Release|Any CPU
		{9F59C67A-4F80-43CA-B33F-4D8B19F857CF}.Debug|Any CPU.ActiveCfg = Debug|Any CPU
		{9F59C67A-4F80-43CA-B33F-4D8B19F857CF}.Debug|Any CPU.Build.0 = Debug|Any CPU
		{9F59C67A-4F80-43CA-B33F-4D8B19F857CF}.Release|Any CPU.ActiveCfg = Release|Any CPU
		{9F59C67A-4F80-43CA-B33F-4D8B19F857CF}.Release|Any CPU.Build.0 = Release|Any CPU
		{D16E8DA2-1B2A-4613-A6B1-D651C829B709}.Debug|Any CPU.ActiveCfg = Debug|Any CPU
		{D16E8DA2-1B2A-4613-A6B1-D651C829B709}.Debug|Any CPU.Build.0 = Debug|Any CPU
		{D16E8DA2-1B2A-4613-A6B1-D651C829B709}.Release|Any CPU.ActiveCfg = Release|Any CPU
		{D16E8DA2-1B2A-4613-A6B1-D651C829B709}.Release|Any CPU.Build.0 = Release|Any CPU
		{F3F256B6-3A35-4BD8-8E70-3140C3CC433A}.Debug|Any CPU.ActiveCfg = Debug|Any CPU
		{F3F256B6-3A35-4BD8-8E70-3140C3CC433A}.Debug|Any CPU.Build.0 = Debug|Any CPU
		{F3F256B6-3A35-4BD8-8E70-3140C3CC433A}.Release|Any CPU.ActiveCfg = Release|Any CPU
		{F3F256B6-3A35-4BD8-8E70-3140C3CC433A}.Release|Any CPU.Build.0 = Release|Any CPU
	EndGlobalSection
	GlobalSection(SolutionProperties) = preSolution
		HideSolutionNode = FALSE
	EndGlobalSection
	GlobalSection(ExtensibilityGlobals) = postSolution
		SolutionGuid = {721C4962-8A70-4D77-A08D-157B3FBA4BEA}
	EndGlobalSection
EndGlobal
